	<Project xmlns="http://schemas.microsoft.com/developer/msbuild/2003">
		<PropertyGroup>
			<ProjectGuid>{DB7923A7-455B-4A5C-A503-923AED71CA81}</ProjectGuid>
			<MainSource>dbExtPkgDXE2.dpk</MainSource>
			<Config Condition="'$(Config)'==''">Debug</Config>
			<DCC_DCCCompiler>DCC32</DCC_DCCCompiler>
			<ProjectVersion>13.4</ProjectVersion>
			<FrameworkType>VCL</FrameworkType>
			<Base>True</Base>
			<Platform Condition="'$(Platform)'==''">Win32</Platform>
			<TargetedPlatforms>1</TargetedPlatforms>
			<AppType>Package</AppType>
		</PropertyGroup>
		<PropertyGroup Condition="'$(Config)'=='Base' or '$(Base)'!=''">
			<Base>true</Base>
		</PropertyGroup>
		<PropertyGroup Condition="('$(Platform)'=='Win64' and '$(Base)'=='true') or '$(Base_Win64)'!=''">
			<Base_Win64>true</Base_Win64>
			<CfgParent>Base</CfgParent>
			<Base>true</Base>
		</PropertyGroup>
		<PropertyGroup Condition="('$(Platform)'=='Win32' and '$(Base)'=='true') or '$(Base_Win32)'!=''">
			<Base_Win32>true</Base_Win32>
			<CfgParent>Base</CfgParent>
			<Base>true</Base>
		</PropertyGroup>
		<PropertyGroup Condition="'$(Config)'=='Release' or '$(Cfg_1)'!=''">
			<Cfg_1>true</Cfg_1>
			<CfgParent>Base</CfgParent>
			<Base>true</Base>
		</PropertyGroup>
		<PropertyGroup Condition="'$(Config)'=='Debug' or '$(Cfg_2)'!=''">
			<Cfg_2>true</Cfg_2>
			<CfgParent>Base</CfgParent>
			<Base>true</Base>
		</PropertyGroup>
		<PropertyGroup Condition="('$(Platform)'=='Win32' and '$(Cfg_2)'=='true') or '$(Cfg_2_Win32)'!=''">
			<Cfg_2_Win32>true</Cfg_2_Win32>
			<CfgParent>Cfg_2</CfgParent>
			<Cfg_2>true</Cfg_2>
			<Base>true</Base>
		</PropertyGroup>
		<PropertyGroup Condition="'$(Base)'!=''">
			<DCC_UsePackage>rtl;dbrtl;ibxpress;$(DCC_UsePackage)</DCC_UsePackage>
			<VerInfo_Keys>CompanyName=;FileDescription=;FileVersion=1.0.0.0;InternalName=;LegalCopyright=;LegalTrademarks=;OriginalFilename=;ProductName=;ProductVersion=1.0.0.0;Comments=</VerInfo_Keys>
			<VerInfo_Locale>1033</VerInfo_Locale>
			<DCC_Namespace>Vcl;Vcl.Imaging;Vcl.Touch;Vcl.Samples;Vcl.Shell;System;Xml;Data;Datasnap;Web;Soap;Winapi;Data.Win;Bde;System.Win;$(DCC_Namespace)</DCC_Namespace>
			<VerInfo_IncludeVerInfo>true</VerInfo_IncludeVerInfo>
			<DCC_UnitSearchPath>F:\D7\SDK\Context\Common\source;$(DCC_UnitSearchPath)</DCC_UnitSearchPath>
			<DesignOnlyPackage>true</DesignOnlyPackage>
			<DCC_ImageBase>00400000</DCC_ImageBase>
			<DCC_SymbolReferenceInfo>1</DCC_SymbolReferenceInfo>
			<DCC_WriteableConstants>true</DCC_WriteableConstants>
			<DCC_Platform>x86</DCC_Platform>
			<DCC_DependencyCheckOutputName>C:\Documents and Settings\All Users\Documents\RAD Studio\8.0\Bpl\dbExtPkgD2011.bpl</DCC_DependencyCheckOutputName>
			<DCC_Description>Context Database Extensions</DCC_Description>
			<DCC_S>false</DCC_S>
			<DCC_N>false</DCC_N>
			<GenDll>true</GenDll>
			<DCC_OutputNeverBuildDcps>true</DCC_OutputNeverBuildDcps>
			<DCC_E>false</DCC_E>
			<GenPackage>true</GenPackage>
			<DCC_K>false</DCC_K>
			<DCC_F>false</DCC_F>
		</PropertyGroup>
		<PropertyGroup Condition="'$(Base_Win64)'!=''">
			<DCC_UsePackage>vclx;vcl;vcldb;adortl;$(DCC_UsePackage)</DCC_UsePackage>
		</PropertyGroup>
		<PropertyGroup Condition="'$(Base_Win32)'!=''">
			<DCC_UsePackage>vclx;vcl;bdertl;vcldb;adortl;$(DCC_UsePackage)</DCC_UsePackage>
			<DCC_Namespace>Datasnap.Win;Web.Win;Soap.Win;Xml.Win;$(DCC_Namespace)</DCC_Namespace>
			<VerInfo_IncludeVerInfo>true</VerInfo_IncludeVerInfo>
			<VerInfo_Locale>1033</VerInfo_Locale>
			<VerInfo_Keys>CompanyName=;FileDescription=;FileVersion=1.0.0.0;InternalName=;LegalCopyright=;LegalTrademarks=;OriginalFilename=;ProductName=;ProductVersion=1.0.0.0;Comments=</VerInfo_Keys>
		</PropertyGroup>
		<PropertyGroup Condition="'$(Cfg_1)'!=''">
			<DCC_LocalDebugSymbols>false</DCC_LocalDebugSymbols>
			<DCC_Define>RELEASE;$(DCC_Define)</DCC_Define>
			<DCC_SymbolReferenceInfo>0</DCC_SymbolReferenceInfo>
			<DCC_DebugInformation>false</DCC_DebugInformation>
		</PropertyGroup>
		<PropertyGroup Condition="'$(Cfg_2)'!=''">
			<DCC_Define>DEBUG;$(DCC_Define)</DCC_Define>
		</PropertyGroup>
		<PropertyGroup Condition="'$(Cfg_2_Win32)'!=''">
			<DCC_BpiOutput>E:\projects\Context\DBExt\lib\dXE2\</DCC_BpiOutput>
			<DCC_BplOutput>E:\projects\Context\DBExt\lib\dXE2\</DCC_BplOutput>
			<DCC_HppOutput>E:\projects\Context\DBExt\lib\dXE2\</DCC_HppOutput>
			<DCC_DcuOutput>E:\projects\Context\DBExt\lib\dXE2\</DCC_DcuOutput>
		</PropertyGroup>
		<ItemGroup>
			<DelphiCompile Include="$(MainSource)">
				<MainSource>MainSource</MainSource>
			</DelphiCompile>
			<DCCReference Include="..\source\dbExtReg.dcr"/>
			<DCCReference Include="..\source\dbRecord.dcr"/>
			<DCCReference Include="..\source\dbSequence.dcr"/>
			<DCCReference Include="..\source\BDEExt.dcr"/>
			<DCCReference Include="..\source\dbManager.dcr"/>
			<DCCReference Include="..\source\CtxDBDesigner_TLB.dcr"/>
			<DCCReference Include="..\source\CtxData.dcr"/>
			<DCCReference Include="vcl.dcp"/>
			<DCCReference Include="designide.dcp"/>
			<DCCReference Include="vclx.dcp"/>
			<DCCReference Include="vcldb.dcp"/>
			<DCCReference Include="rtl.dcp"/>
			<DCCReference Include="dbrtl.dcp"/>
			<DCCReference Include="bdertl.dcp"/>
			<DCCReference Include="ibxpress.dcp"/>
			<DCCReference Include="adortl.dcp"/>
			<DCCReference Include="..\source\ADOExt.pas"/>
			<DCCReference Include="..\source\BDEExt.pas"/>
			<DCCReference Include="..\source\IBExt.pas"/>
			<DCCReference Include="..\source\CtxDataTypes.pas"/>
			<DCCReference Include="..\source\CtxDBIntf.pas"/>
			<DCCReference Include="..\source\CtxData.pas"/>
			<DCCReference Include="..\source\CtxDataSet.pas"/>
			<DCCReference Include="..\source\CtxDBAdapter.pas"/>
			<DCCReference Include="..\source\CtxDataSetCommand.pas"/>
			<DCCReference Include="..\source\CtxDataSetProvider.pas"/>
			<DCCReference Include="..\source\CtxDBDesigner_TLB.pas"/>
			<DCCReference Include="..\source\dbDocument.pas"/>
			<DCCReference Include="..\source\dbEngProfile.pas"/>
			<DCCReference Include="..\source\dbEnum.pas"/>
			<DCCReference Include="..\source\dbExtParser.pas"/>
			<DCCReference Include="..\source\dbExtReg.pas"/>
			<DCCReference Include="..\source\dbExtUtils.pas"/>
			<DCCReference Include="..\source\dbManager.pas"/>
			<DCCReference Include="..\source\dbRecord.pas"/>
			<DCCReference Include="..\source\dbSchema.pas"/>
			<DCCReference Include="..\source\dbSchemaEnum.pas"/>
			<DCCReference Include="..\source\dbSchemaTest.pas"/>
			<DCCReference Include="..\source\dbSequence.pas"/>
			<DCCReference Include="..\source\dbSQLLexer.pas"/>
			<DCCReference Include="..\source\dbSQLParser.pas"/>
			<DCCReference Include="..\source\designtime\fCommandBuilder.pas">
				<Form>frmCommandBuilder</Form>
			</DCCReference>
			<DCCReference Include="..\source\designtime\fDataContainerEditor.pas">
				<Form>frmDataContainerEditor</Form>
			</DCCReference>
			<DCCReference Include="..\source\designtime\fDataExplorer.pas">
				<Form>frmDataExplorer</Form>
			</DCCReference>
			<DCCReference Include="..\source\designtime\fDataRelationEditor.pas">
				<Form>frmDataRelationEditor</Form>
			</DCCReference>
			<DCCReference Include="..\source\designtime\fDataTableWizard.pas">
				<Form>frmDataTableWizard</Form>
			</DCCReference>
			<DCCReference Include="..\source\designtime\fDBAdapterEditor.pas"/>
			<DCCReference Include="..\source\designtime\fSelectCommandTypes.pas">
				<Form>frmSelectCommandTypes</Form>
			</DCCReference>
			<DCCReference Include="..\source\designtime\fSelFields.pas"/>
			<DCCReference Include="..\source\CtxDBDesignerAdapter.pas"/>
			<DCCReference Include="..\source\CtxDataSetCommandBuilder.pas">
				<Form>frmCtxDataSetCommandBuilder</Form>
			</DCCReference>
			<DCCReference Include="..\source\CtxFieldsUpdater.pas"/>
			<BuildConfiguration Include="Debug">
				<Key>Cfg_2</Key>
				<CfgParent>Base</CfgParent>
			</BuildConfiguration>
			<BuildConfiguration Include="Base">
				<Key>Base</Key>
			</BuildConfiguration>
			<BuildConfiguration Include="Release">
				<Key>Cfg_1</Key>
				<CfgParent>Base</CfgParent>
			</BuildConfiguration>
		</ItemGroup>
		<Import Condition="Exists('$(BDS)\Bin\CodeGear.Delphi.Targets')" Project="$(BDS)\Bin\CodeGear.Delphi.Targets"/>
		<ProjectExtensions>
			<Borland.Personality>Delphi.Personality.12</Borland.Personality>
			<Borland.ProjectType>Package</Borland.ProjectType>
			<BorlandProject>
				<Delphi.Personality>
					<Source>
						<Source Name="MainSource">dbExtPkgDXE2.dpk</Source>
					</Source>
					<Parameters>
						<Parameters Name="UseLauncher">False</Parameters>
						<Parameters Name="LoadAllSymbols">True</Parameters>
						<Parameters Name="LoadUnspecifiedSymbols">False</Parameters>
					</Parameters>
					<VersionInfo>
						<VersionInfo Name="IncludeVerInfo">True</VersionInfo>
						<VersionInfo Name="AutoIncBuild">False</VersionInfo>
						<VersionInfo Name="MajorVer">1</VersionInfo>
						<VersionInfo Name="MinorVer">0</VersionInfo>
						<VersionInfo Name="Release">0</VersionInfo>
						<VersionInfo Name="Build">0</VersionInfo>
						<VersionInfo Name="Debug">False</VersionInfo>
						<VersionInfo Name="PreRelease">False</VersionInfo>
						<VersionInfo Name="Special">False</VersionInfo>
						<VersionInfo Name="Private">False</VersionInfo>
						<VersionInfo Name="DLL">False</VersionInfo>
						<VersionInfo Name="Locale">1033</VersionInfo>
						<VersionInfo Name="CodePage">1252</VersionInfo>
					</VersionInfo>
					<VersionInfoKeys>
						<VersionInfoKeys Name="CompanyName"/>
						<VersionInfoKeys Name="FileDescription"/>
						<VersionInfoKeys Name="FileVersion">1.0.0.0</VersionInfoKeys>
						<VersionInfoKeys Name="InternalName"/>
						<VersionInfoKeys Name="LegalCopyright"/>
						<VersionInfoKeys Name="LegalTrademarks"/>
						<VersionInfoKeys Name="OriginalFilename"/>
						<VersionInfoKeys Name="ProductName"/>
						<VersionInfoKeys Name="ProductVersion">1.0.0.0</VersionInfoKeys>
						<VersionInfoKeys Name="Comments"/>
					</VersionInfoKeys>
					<Excluded_Packages>
						<Excluded_Packages Name="$(BDSBIN)\dcloffice2k160.bpl">Microsoft Office 2000 Sample Automation Server Wrapper Components</Excluded_Packages>
						<Excluded_Packages Name="$(BDSBIN)\dclofficexp160.bpl">Microsoft Office XP Sample Automation Server Wrapper Components</Excluded_Packages>
					</Excluded_Packages>
				</Delphi.Personality>
				<Platforms>
					<Platform value="Win64">False</Platform>
					<Platform value="Win32">True</Platform>
				</Platforms>
				<ModelSupport>False</ModelSupport>
			</BorlandProject>
			<ProjectFileVersion>12</ProjectFileVersion>
		</ProjectExtensions>
		<Import Condition="Exists('$(APPDATA)\Embarcadero\$(BDSAPPDATABASEDIR)\$(PRODUCTVERSION)\UserTools.proj')" Project="$(APPDATA)\Embarcadero\$(BDSAPPDATABASEDIR)\$(PRODUCTVERSION)\UserTools.proj"/>
	</Project>
